
Microsoft Visual Studio Solution File, Format Version 12.00
# Visual Studio 15
VisualStudioVersion = 15.0.28307.705
MinimumVisualStudioVersion = 10.0.40219.1
Project("{FAE04EC0-301F-11D3-BF4B-00C04F79EFBC}") = "AspCore_EnviaExibeImagem", "AspCore_EnviaExibeImagem\AspCore_EnviaExibeImagem.csproj", "{2CBB01CD-94F0-4A7B-9E7F-44414EAFF31E}"
EndProject
Global
	GlobalSection(SolutionConfigurationPlatforms) = preSolution
		Debug|Any CPU = Debug|Any CPU
		Release|Any CPU = Release|Any CPU
	EndGlobalSection
	GlobalSection(ProjectConfigurationPlatforms) = postSolution
		{2CBB01CD-94F0-4A7B-9E7F-44414EAFF31E}.Debug|Any CPU.ActiveCfg = Debug|Any CPU
		{2CBB01CD-94F0-4A7B-9E7F-44414EAFF31E}.Debug|Any CPU.Build.0 = Debug|Any CPU
		{2CBB01CD-94F0-4A7B-9E7F-44414EAFF31E}.Release|Any CPU.ActiveCfg = Release|Any CPU
		{2CBB01CD-94F0-4A7B-9E7F-44414EAFF31E}.Release|Any CPU.Build.0 = Release|Any CPU
	EndGlobalSection
	GlobalSection(SolutionProperties) = preSolution
		HideSolutionNode = FALSE
	EndGlobalSection
	GlobalSection(ExtensibilityGlobals) = postSolution
		SolutionGuid = {0B955064-2871-4DBE-B95B-7D3E5FA9B7F2}
	EndGlobalSection
EndGlobal
